
Microsoft Visual Studio Solution File, Format Version 12.00
# Visual Studio Version 16
VisualStudioVersion = 16.0.31402.337
MinimumVisualStudioVersion = 10.0.40219.1
Project("{FAE04EC0-301F-11D3-BF4B-00C04F79EFBC}") = "Lesson5Project2", "Lesson5Project2\Lesson5Project2.csproj", "{8DA6A4BB-7FED-4BF3-AAC5-74791724BA7B}"
EndProject
Global
	GlobalSection(SolutionConfigurationPlatforms) = preSolution
		Debug|Any CPU = Debug|Any CPU
		Release|Any CPU = Release|Any CPU
	EndGlobalSection
	GlobalSection(ProjectConfigurationPlatforms) = postSolution
		{8DA6A4BB-7FED-4BF3-AAC5-74791724BA7B}.Debug|Any CPU.ActiveCfg = Debug|Any CPU
		{8DA6A4BB-7FED-4BF3-AAC5-74791724BA7B}.Debug|Any CPU.Build.0 = Debug|Any CPU
		{8DA6A4BB-7FED-4BF3-AAC5-74791724BA7B}.Release|Any CPU.ActiveCfg = Release|Any CPU
		{8DA6A4BB-7FED-4BF3-AAC5-74791724BA7B}.Release|Any CPU.Build.0 = Release|Any CPU
	EndGlobalSection
	GlobalSection(SolutionProperties) = preSolution
		HideSolutionNode = FALSE
	EndGlobalSection
	GlobalSection(ExtensibilityGlobals) = postSolution
		SolutionGuid = {3A1FAFEF-D294-4D25-A200-4B6D5490CD99}
	EndGlobalSection
EndGlobal
